
Microsoft Visual Studio Solution File, Format Version 12.00
# Visual Studio Version 17
VisualStudioVersion = 17.8.34511.84
MinimumVisualStudioVersion = 10.0.40219.1
Project("{9A19103F-16F7-4668-BE54-9A1E7A4F7556}") = "task1", "task1.csproj", "{DC1D3A22-818D-4FD2-9942-D16CF5F51AC5}"
EndProject
Project("{2150E333-8FDC-42A3-9474-1A3956D46DE8}") = "Solution Items", "Solution Items", "{B97A4946-2982-44B4-9212-E7F57A494778}"
	ProjectSection(SolutionItems) = preProject
		.editorconfig = .editorconfig
	EndProjectSection
EndProject
Global
	GlobalSection(SolutionConfigurationPlatforms) = preSolution
		Debug|Any CPU = Debug|Any CPU
		Release|Any CPU = Release|Any CPU
	EndGlobalSection
	GlobalSection(ProjectConfigurationPlatforms) = postSolution
		{DC1D3A22-818D-4FD2-9942-D16CF5F51AC5}.Debug|Any CPU.ActiveCfg = Debug|Any CPU
		{DC1D3A22-818D-4FD2-9942-D16CF5F51AC5}.Debug|Any CPU.Build.0 = Debug|Any CPU
		{DC1D3A22-818D-4FD2-9942-D16CF5F51AC5}.Release|Any CPU.ActiveCfg = Release|Any CPU
		{DC1D3A22-818D-4FD2-9942-D16CF5F51AC5}.Release|Any CPU.Build.0 = Release|Any CPU
	EndGlobalSection
	GlobalSection(SolutionProperties) = preSolution
		HideSolutionNode = FALSE
	EndGlobalSection
	GlobalSection(ExtensibilityGlobals) = postSolution
		SolutionGuid = {ED8730A3-13FA-4D0B-A2F3-C2A2AD7D1104}
	EndGlobalSection
EndGlobal
